
Microsoft Visual Studio Solution File, Format Version 12.00
# Visual Studio Version 17
VisualStudioVersion = 17.1.32319.34
MinimumVisualStudioVersion = 10.0.40219.1
Project("{8BC9CEB8-8B4A-11D0-8D11-00A0C91BC942}") = "1", "중간대비\중간대비.vcxproj", "{F7F4D2DA-AE41-40A1-998C-0222C8E967E2}"
EndProject
Project("{8BC9CEB8-8B4A-11D0-8D11-00A0C91BC942}") = "2", "2\2.vcxproj", "{BA4A959C-13DF-4D0F-912E-7FB3ACFB68CA}"
EndProject
Project("{8BC9CEB8-8B4A-11D0-8D11-00A0C91BC942}") = "3", "3\3.vcxproj", "{ACBCC097-EDD3-4EDF-B6C7-98C8941E6F14}"
EndProject
Project("{8BC9CEB8-8B4A-11D0-8D11-00A0C91BC942}") = "4", "4\4.vcxproj", "{763B1207-B3CE-45FC-B860-E3E172A1AC0D}"
EndProject
Project("{8BC9CEB8-8B4A-11D0-8D11-00A0C91BC942}") = "5", "5\5.vcxproj", "{A46F47C5-B184-4BA2-A68F-D1AEFF1B9939}"
EndProject
Project("{8BC9CEB8-8B4A-11D0-8D11-00A0C91BC942}") = "6", "6\6.vcxproj", "{3654DE4E-9EDA-40E9-83FD-9B452D6ABC8A}"
EndProject
Project("{8BC9CEB8-8B4A-11D0-8D11-00A0C91BC942}") = "7-1", "7-1\7-1.vcxproj", "{060DC4AA-60AA-455F-ABC4-4BBB3EB93F53}"
EndProject
Project("{8BC9CEB8-8B4A-11D0-8D11-00A0C91BC942}") = "8", "8\8.vcxproj", "{B34C6784-8D21-4335-9EB0-A00875E7A235}"
EndProject
Project("{8BC9CEB8-8B4A-11D0-8D11-00A0C91BC942}") = "9", "9\9.vcxproj", "{A4EE5B35-E2D1-401C-BCA7-5C2E720E635E}"
EndProject
Project("{8BC9CEB8-8B4A-11D0-8D11-00A0C91BC942}") = "10", "10\10.vcxproj", "{F71D4E5B-BE4C-4B2B-9306-14EBBEBF9ADE}"
EndProject
Project("{8BC9CEB8-8B4A-11D0-8D11-00A0C91BC942}") = "11", "11\11.vcxproj", "{77AA8224-71AC-4CAD-B981-C6246E602A0F}"
EndProject
Project("{8BC9CEB8-8B4A-11D0-8D11-00A0C91BC942}") = "12", "12\12.vcxproj", "{59AE187F-2872-4A17-8C1D-0FAF58AF8D24}"
EndProject
Project("{8BC9CEB8-8B4A-11D0-8D11-00A0C91BC942}") = "13", "13\13.vcxproj", "{187159B5-F0A2-417A-8F70-8603A0468097}"
EndProject
Project("{8BC9CEB8-8B4A-11D0-8D11-00A0C91BC942}") = "source", "source\source.vcxproj", "{B52130E5-61F1-4027-B5CE-9A055F1D2363}"
EndProject
Global
	GlobalSection(SolutionConfigurationPlatforms) = preSolution
		Debug|x64 = Debug|x64
		Debug|x86 = Debug|x86
		Release|x64 = Release|x64
		Release|x86 = Release|x86
	EndGlobalSection
	GlobalSection(ProjectConfigurationPlatforms) = postSolution
		{F7F4D2DA-AE41-40A1-998C-0222C8E967E2}.Debug|x64.ActiveCfg = Debug|x64
		{F7F4D2DA-AE41-40A1-998C-0222C8E967E2}.Debug|x64.Build.0 = Debug|x64
		{F7F4D2DA-AE41-40A1-998C-0222C8E967E2}.Debug|x86.ActiveCfg = Debug|Win32
		{F7F4D2DA-AE41-40A1-998C-0222C8E967E2}.Debug|x86.Build.0 = Debug|Win32
		{F7F4D2DA-AE41-40A1-998C-0222C8E967E2}.Release|x64.ActiveCfg = Release|x64
		{F7F4D2DA-AE41-40A1-998C-0222C8E967E2}.Release|x64.Build.0 = Release|x64
		{F7F4D2DA-AE41-40A1-998C-0222C8E967E2}.Release|x86.ActiveCfg = Release|Win32
		{F7F4D2DA-AE41-40A1-998C-0222C8E967E2}.Release|x86.Build.0 = Release|Win32
		{BA4A959C-13DF-4D0F-912E-7FB3ACFB68CA}.Debug|x64.ActiveCfg = Debug|x64
		{BA4A959C-13DF-4D0F-912E-7FB3ACFB68CA}.Debug|x64.Build.0 = Debug|x64
		{BA4A959C-13DF-4D0F-912E-7FB3ACFB68CA}.Debug|x86.ActiveCfg = Debug|Win32
		{BA4A959C-13DF-4D0F-912E-7FB3ACFB68CA}.Debug|x86.Build.0 = Debug|Win32
		{BA4A959C-13DF-4D0F-912E-7FB3ACFB68CA}.Release|x64.ActiveCfg = Release|x64
		{BA4A959C-13DF-4D0F-912E-7FB3ACFB68CA}.Release|x64.Build.0 = Release|x64
		{BA4A959C-13DF-4D0F-912E-7FB3ACFB68CA}.Release|x86.ActiveCfg = Release|Win32
		{BA4A959C-13DF-4D0F-912E-7FB3ACFB68CA}.Release|x86.Build.0 = Release|Win32
		{ACBCC097-EDD3-4EDF-B6C7-98C8941E6F14}.Debug|x64.ActiveCfg = Debug|x64
		{ACBCC097-EDD3-4EDF-B6C7-98C8941E6F14}.Debug|x64.Build.0 = Debug|x64
		{ACBCC097-EDD3-4EDF-B6C7-98C8941E6F14}.Debug|x86.ActiveCfg = Debug|Win32
		{ACBCC097-EDD3-4EDF-B6C7-98C8941E6F14}.Debug|x86.Build.0 = Debug|Win32
		{ACBCC097-EDD3-4EDF-B6C7-98C8941E6F14}.Release|x64.ActiveCfg = Release|x64
		{ACBCC097-EDD3-4EDF-B6C7-98C8941E6F14}.Release|x64.Build.0 = Release|x64
		{ACBCC097-EDD3-4EDF-B6C7-98C8941E6F14}.Release|x86.ActiveCfg = Release|Win32
		{ACBCC097-EDD3-4EDF-B6C7-98C8941E6F14}.Release|x86.Build.0 = Release|Win32
		{763B1207-B3CE-45FC-B860-E3E172A1AC0D}.Debug|x64.ActiveCfg = Debug|x64
		{763B1207-B3CE-45FC-B860-E3E172A1AC0D}.Debug|x64.Build.0 = Debug|x64
		{763B1207-B3CE-45FC-B860-E3E172A1AC0D}.Debug|x86.ActiveCfg = Debug|Win32
		{763B1207-B3CE-45FC-B860-E3E172A1AC0D}.Debug|x86.Build.0 = Debug|Win32
		{763B1207-B3CE-45FC-B860-E3E172A1AC0D}.Release|x64.ActiveCfg = Release|x64
		{763B1207-B3CE-45FC-B860-E3E172A1AC0D}.Release|x64.Build.0 = Release|x64
		{763B1207-B3CE-45FC-B860-E3E172A1AC0D}.Release|x86.ActiveCfg = Release|Win32
		{763B1207-B3CE-45FC-B860-E3E172A1AC0D}.Release|x86.Build.0 = Release|Win32
		{A46F47C5-B184-4BA2-A68F-D1AEFF1B9939}.Debug|x64.ActiveCfg = Debug|x64
		{A46F47C5-B184-4BA2-A68F-D1AEFF1B9939}.Debug|x64.Build.0 = Debug|x64
		{A46F47C5-B184-4BA2-A68F-D1AEFF1B9939}.Debug|x86.ActiveCfg = Debug|Win32
		{A46F47C5-B184-4BA2-A68F-D1AEFF1B9939}.Debug|x86.Build.0 = Debug|Win32
		{A46F47C5-B184-4BA2-A68F-D1AEFF1B9939}.Release|x64.ActiveCfg = Release|x64
		{A46F47C5-B184-4BA2-A68F-D1AEFF1B9939}.Release|x64.Build.0 = Release|x64
		{A46F47C5-B184-4BA2-A68F-D1AEFF1B9939}.Release|x86.ActiveCfg = Release|Win32
		{A46F47C5-B184-4BA2-A68F-D1AEFF1B9939}.Release|x86.Build.0 = Release|Win32
		{3654DE4E-9EDA-40E9-83FD-9B452D6ABC8A}.Debug|x64.ActiveCfg = Debug|x64
		{3654DE4E-9EDA-40E9-83FD-9B452D6ABC8A}.Debug|x64.Build.0 = Debug|x64
		{3654DE4E-9EDA-40E9-83FD-9B452D6ABC8A}.Debug|x86.ActiveCfg = Debug|Win32
		{3654DE4E-9EDA-40E9-83FD-9B452D6ABC8A}.Debug|x86.Build.0 = Debug|Win32
		{3654DE4E-9EDA-40E9-83FD-9B452D6ABC8A}.Release|x64.ActiveCfg = Release|x64
		{3654DE4E-9EDA-40E9-83FD-9B452D6ABC8A}.Release|x64.Build.0 = Release|x64
		{3654DE4E-9EDA-40E9-83FD-9B452D6ABC8A}.Release|x86.ActiveCfg = Release|Win32
		{3654DE4E-9EDA-40E9-83FD-9B452D6ABC8A}.Release|x86.Build.0 = Release|Win32
		{060DC4AA-60AA-455F-ABC4-4BBB3EB93F53}.Debug|x64.ActiveCfg = Debug|x64
		{060DC4AA-60AA-455F-ABC4-4BBB3EB93F53}.Debug|x64.Build.0 = Debug|x64
		{060DC4AA-60AA-455F-ABC4-4BBB3EB93F53}.Debug|x86.ActiveCfg = Debug|Win32
		{060DC4AA-60AA-455F-ABC4-4BBB3EB93F53}.Debug|x86.Build.0 = Debug|Win32
		{060DC4AA-60AA-455F-ABC4-4BBB3EB93F53}.Release|x64.ActiveCfg = Release|x64
		{060DC4AA-60AA-455F-ABC4-4BBB3EB93F53}.Release|x64.Build.0 = Release|x64
		{060DC4AA-60AA-455F-ABC4-4BBB3EB93F53}.Release|x86.ActiveCfg = Release|Win32
		{060DC4AA-60AA-455F-ABC4-4BBB3EB93F53}.Release|x86.Build.0 = Release|Win32
		{B34C6784-8D21-4335-9EB0-A00875E7A235}.Debug|x64.ActiveCfg = Debug|x64
		{B34C6784-8D21-4335-9EB0-A00875E7A235}.Debug|x64.Build.0 = Debug|x64
		{B34C6784-8D21-4335-9EB0-A00875E7A235}.Debug|x86.ActiveCfg = Debug|Win32
		{B34C6784-8D21-4335-9EB0-A00875E7A235}.Debug|x86.Build.0 = Debug|Win32
		{B34C6784-8D21-4335-9EB0-A00875E7A235}.Release|x64.ActiveCfg = Release|x64
		{B34C6784-8D21-4335-9EB0-A00875E7A235}.Release|x64.Build.0 = Release|x64
		{B34C6784-8D21-4335-9EB0-A00875E7A235}.Release|x86.ActiveCfg = Release|Win32
		{B34C6784-8D21-4335-9EB0-A00875E7A235}.Release|x86.Build.0 = Release|Win32
		{A4EE5B35-E2D1-401C-BCA7-5C2E720E635E}.Debug|x64.ActiveCfg = Debug|x64
		{A4EE5B35-E2D1-401C-BCA7-5C2E720E635E}.Debug|x64.Build.0 = Debug|x64
		{A4EE5B35-E2D1-401C-BCA7-5C2E720E635E}.Debug|x86.ActiveCfg = Debug|Win32
		{A4EE5B35-E2D1-401C-BCA7-5C2E720E635E}.Debug|x86.Build.0 = Debug|Win32
		{A4EE5B35-E2D1-401C-BCA7-5C2E720E635E}.Release|x64.ActiveCfg = Release|x64
		{A4EE5B35-E2D1-401C-BCA7-5C2E720E635E}.Release|x64.Build.0 = Release|x64
		{A4EE5B35-E2D1-401C-BCA7-5C2E720E635E}.Release|x86.ActiveCfg = Release|Win32
		{A4EE5B35-E2D1-401C-BCA7-5C2E720E635E}.Release|x86.Build.0 = Release|Win32
		{F71D4E5B-BE4C-4B2B-9306-14EBBEBF9ADE}.Debug|x64.ActiveCfg = Debug|x64
		{F71D4E5B-BE4C-4B2B-9306-14EBBEBF9ADE}.Debug|x64.Build.0 = Debug|x64
		{F71D4E5B-BE4C-4B2B-9306-14EBBEBF9ADE}.Debug|x86.ActiveCfg = Debug|Win32
		{F71D4E5B-BE4C-4B2B-9306-14EBBEBF9ADE}.Debug|x86.Build.0 = Debug|Win32
		{F71D4E5B-BE4C-4B2B-9306-14EBBEBF9ADE}.Release|x64.ActiveCfg = Release|x64
		{F71D4E5B-BE4C-4B2B-9306-14EBBEBF9ADE}.Release|x64.Build.0 = Release|x64
		{F71D4E5B-BE4C-4B2B-9306-14EBBEBF9ADE}.Release|x86.ActiveCfg = Release|Win32
		{F71D4E5B-BE4C-4B2B-9306-14EBBEBF9ADE}.Release|x86.Build.0 = Release|Win32
		{77AA8224-71AC-4CAD-B981-C6246E602A0F}.Debug|x64.ActiveCfg = Debug|x64
		{77AA8224-71AC-4CAD-B981-C6246E602A0F}.Debug|x64.Build.0 = Debug|x64
		{77AA8224-71AC-4CAD-B981-C6246E602A0F}.Debug|x86.ActiveCfg = Debug|Win32
		{77AA8224-71AC-4CAD-B981-C6246E602A0F}.Debug|x86.Build.0 = Debug|Win32
		{77AA8224-71AC-4CAD-B981-C6246E602A0F}.Release|x64.ActiveCfg = Release|x64
		{77AA8224-71AC-4CAD-B981-C6246E602A0F}.Release|x64.Build.0 = Release|x64
		{77AA8224-71AC-4CAD-B981-C6246E602A0F}.Release|x86.ActiveCfg = Release|Win32
		{77AA8224-71AC-4CAD-B981-C6246E602A0F}.Release|x86.Build.0 = Release|Win32
		{59AE187F-2872-4A17-8C1D-0FAF58AF8D24}.Debug|x64.ActiveCfg = Debug|x64
		{59AE187F-2872-4A17-8C1D-0FAF58AF8D24}.Debug|x64.Build.0 = Debug|x64
		{59AE187F-2872-4A17-8C1D-0FAF58AF8D24}.Debug|x86.ActiveCfg = Debug|Win32
		{59AE187F-2872-4A17-8C1D-0FAF58AF8D24}.Debug|x86.Build.0 = Debug|Win32
		{59AE187F-2872-4A17-8C1D-0FAF58AF8D24}.Release|x64.ActiveCfg = Release|x64
		{59AE187F-2872-4A17-8C1D-0FAF58AF8D24}.Release|x64.Build.0 = Release|x64
		{59AE187F-2872-4A17-8C1D-0FAF58AF8D24}.Release|x86.ActiveCfg = Release|Win32
		{59AE187F-2872-4A17-8C1D-0FAF58AF8D24}.Release|x86.Build.0 = Release|Win32
		{187159B5-F0A2-417A-8F70-8603A0468097}.Debug|x64.ActiveCfg = Debug|x64
		{187159B5-F0A2-417A-8F70-8603A0468097}.Debug|x64.Build.0 = Debug|x64
		{187159B5-F0A2-417A-8F70-8603A0468097}.Debug|x86.ActiveCfg = Debug|Win32
		{187159B5-F0A2-417A-8F70-8603A0468097}.Debug|x86.Build.0 = Debug|Win32
		{187159B5-F0A2-417A-8F70-8603A0468097}.Release|x64.ActiveCfg = Release|x64
		{187159B5-F0A2-417A-8F70-8603A0468097}.Release|x64.Build.0 = Release|x64
		{187159B5-F0A2-417A-8F70-8603A0468097}.Release|x86.ActiveCfg = Release|Win32
		{187159B5-F0A2-417A-8F70-8603A0468097}.Release|x86.Build.0 = Release|Win32
		{B52130E5-61F1-4027-B5CE-9A055F1D2363}.Debug|x64.ActiveCfg = Debug|x64
		{B52130E5-61F1-4027-B5CE-9A055F1D2363}.Debug|x64.Build.0 = Debug|x64
		{B52130E5-61F1-4027-B5CE-9A055F1D2363}.Debug|x86.ActiveCfg = Debug|Win32
		{B52130E5-61F1-4027-B5CE-9A055F1D2363}.Debug|x86.Build.0 = Debug|Win32
		{B52130E5-61F1-4027-B5CE-9A055F1D2363}.Release|x64.ActiveCfg = Release|x64
		{B52130E5-61F1-4027-B5CE-9A055F1D2363}.Release|x64.Build.0 = Release|x64
		{B52130E5-61F1-4027-B5CE-9A055F1D2363}.Release|x86.ActiveCfg = Release|Win32
		{B52130E5-61F1-4027-B5CE-9A055F1D2363}.Release|x86.Build.0 = Release|Win32
	EndGlobalSection
	GlobalSection(SolutionProperties) = preSolution
		HideSolutionNode = FALSE
	EndGlobalSection
	GlobalSection(ExtensibilityGlobals) = postSolution
		SolutionGuid = {2A31F5C6-85FD-4E3C-9101-A58826D60A51}
	EndGlobalSection
EndGlobal
